// !$*UTF8*$!
{
	archiveVersion = 1;
	classes = {
	};
	objectVersion = 55;
	objects = {

/* Begin PBXBuildFile section */
		2B1FF92127E65D7F00163863 /* AppDelegate.swift in Sources */ = {isa = PBXBuildFile; fileRef = 2B1FF92027E65D7F00163863 /* AppDelegate.swift */; };
		2B1FF92327E65D7F00163863 /* SceneDelegate.swift in Sources */ = {isa = PBXBuildFile; fileRef = 2B1FF92227E65D7F00163863 /* SceneDelegate.swift */; };
		2B1FF92527E65D7F00163863 /* ViewController.swift in Sources */ = {isa = PBXBuildFile; fileRef = 2B1FF92427E65D7F00163863 /* ViewController.swift */; };
		2B1FF92827E65D7F00163863 /* Main.storyboard in Resources */ = {isa = PBXBuildFile; fileRef = 2B1FF92627E65D7F00163863 /* Main.storyboard */; };
		2B1FF92A27E65D8100163863 /* Assets.xcassets in Resources */ = {isa = PBXBuildFile; fileRef = 2B1FF92927E65D8100163863 /* Assets.xcassets */; };
		2B1FF92D27E65D8100163863 /* LaunchScreen.storyboard in Resources */ = {isa = PBXBuildFile; fileRef = 2B1FF92B27E65D8100163863 /* LaunchScreen.storyboard */; };
		2B1FF93B27E65DB300163863 /* ShareViewController.swift in Sources */ = {isa = PBXBuildFile; fileRef = 2B1FF93A27E65DB300163863 /* ShareViewController.swift */; };
		2B1FF93E27E65DB300163863 /* MainInterface.storyboard in Resources */ = {isa = PBXBuildFile; fileRef = 2B1FF93C27E65DB300163863 /* MainInterface.storyboard */; };
		2B1FF94227E65DB300163863 /* ShareExtension.appex in Embed App Extensions */ = {isa = PBXBuildFile; fileRef = 2B1FF93827E65DB300163863 /* ShareExtension.appex */; settings = {ATTRIBUTES = (RemoveHeadersOnCopy, ); }; };
		2B4F874A2801CA11004B4B5E /* Alamofire in Frameworks */ = {isa = PBXBuildFile; productRef = 2B4F87492801CA11004B4B5E /* Alamofire */; };
/* End PBXBuildFile section */

/* Begin PBXContainerItemProxy section */
		2B1FF94027E65DB300163863 /* PBXContainerItemProxy */ = {
			isa = PBXContainerItemProxy;
			containerPortal = 2B1FF91527E65D7F00163863 /* Project object */;
			proxyType = 1;
			remoteGlobalIDString = 2B1FF93727E65DB300163863;
			remoteInfo = Share;
		};
/* End PBXContainerItemProxy section */

/* Begin PBXCopyFilesBuildPhase section */
		2B1FF94627E65DB300163863 /* Embed App Extensions */ = {
			isa = PBXCopyFilesBuildPhase;
			buildActionMask = 2147483647;
			dstPath = "";
			dstSubfolderSpec = 13;
			files = (
				2B1FF94227E65DB300163863 /* ShareExtension.appex in Embed App Extensions */,
			);
			name = "Embed App Extensions";
			runOnlyForDeploymentPostprocessing = 0;
		};
/* End PBXCopyFilesBuildPhase section */

/* Begin PBXFileReference section */
		2B1FF91D27E65D7F00163863 /* Fundus.app */ = {isa = PBXFileReference; explicitFileType = wrapper.application; includeInIndex = 0; path = Fundus.app; sourceTree = BUILT_PRODUCTS_DIR; };
		2B1FF92027E65D7F00163863 /* AppDelegate.swift */ = {isa = PBXFileReference; lastKnownFileType = sourcecode.swift; path = AppDelegate.swift; sourceTree = "<group>"; };
		2B1FF92227E65D7F00163863 /* SceneDelegate.swift */ = {isa = PBXFileReference; lastKnownFileType = sourcecode.swift; path = SceneDelegate.swift; sourceTree = "<group>"; };
		2B1FF92427E65D7F00163863 /* ViewController.swift */ = {isa = PBXFileReference; lastKnownFileType = sourcecode.swift; path = ViewController.swift; sourceTree = "<group>"; };
		2B1FF92727E65D7F00163863 /* Base */ = {isa = PBXFileReference; lastKnownFileType = file.storyboard; name = Base; path = Base.lproj/Main.storyboard; sourceTree = "<group>"; };
		2B1FF92927E65D8100163863 /* Assets.xcassets */ = {isa = PBXFileReference; lastKnownFileType = folder.assetcatalog; path = Assets.xcassets; sourceTree = "<group>"; };
		2B1FF92C27E65D8100163863 /* Base */ = {isa = PBXFileReference; lastKnownFileType = file.storyboard; name = Base; path = Base.lproj/LaunchScreen.storyboard; sourceTree = "<group>"; };
		2B1FF92E27E65D8100163863 /* Info.plist */ = {isa = PBXFileReference; lastKnownFileType = text.plist.xml; path = Info.plist; sourceTree = "<group>"; };
		2B1FF93827E65DB300163863 /* ShareExtension.appex */ = {isa = PBXFileReference; explicitFileType = "wrapper.app-extension"; includeInIndex = 0; path = ShareExtension.appex; sourceTree = BUILT_PRODUCTS_DIR; };
		2B1FF93A27E65DB300163863 /* ShareViewController.swift */ = {isa = PBXFileReference; lastKnownFileType = sourcecode.swift; path = ShareViewController.swift; sourceTree = "<group>"; };
		2B1FF93D27E65DB300163863 /* Base */ = {isa = PBXFileReference; lastKnownFileType = file.storyboard; name = Base; path = Base.lproj/MainInterface.storyboard; sourceTree = "<group>"; };
		2B1FF93F27E65DB300163863 /* Info.plist */ = {isa = PBXFileReference; lastKnownFileType = text.plist.xml; path = Info.plist; sourceTree = "<group>"; };
		2B1FF94727E6612400163863 /* Fundus.entitlements */ = {isa = PBXFileReference; lastKnownFileType = text.plist.entitlements; path = Fundus.entitlements; sourceTree = "<group>"; };
		2B1FF94827E6615400163863 /* Share.entitlements */ = {isa = PBXFileReference; lastKnownFileType = text.plist.entitlements; path = Share.entitlements; sourceTree = "<group>"; };
/* End PBXFileReference section */

/* Begin PBXFrameworksBuildPhase section */
		2B1FF91A27E65D7F00163863 /* Frameworks */ = {
			isa = PBXFrameworksBuildPhase;
			buildActionMask = 2147483647;
			files = (
				2B4F874A2801CA11004B4B5E /* Alamofire in Frameworks */,
			);
			runOnlyForDeploymentPostprocessing = 0;
		};
		2B1FF93527E65DB300163863 /* Frameworks */ = {
			isa = PBXFrameworksBuildPhase;
			buildActionMask = 2147483647;
			files = (
			);
			runOnlyForDeploymentPostprocessing = 0;
		};
/* End PBXFrameworksBuildPhase section */

/* Begin PBXGroup section */
		2B1FF91427E65D7F00163863 = {
			isa = PBXGroup;
			children = (
				2B1FF91F27E65D7F00163863 /* Fundus */,
				2B1FF93927E65DB300163863 /* Share */,
				2B1FF91E27E65D7F00163863 /* Products */,
			);
			sourceTree = "<group>";
		};
		2B1FF91E27E65D7F00163863 /* Products */ = {
			isa = PBXGroup;
			children = (
				2B1FF91D27E65D7F00163863 /* Fundus.app */,
				2B1FF93827E65DB300163863 /* ShareExtension.appex */,
			);
			name = Products;
			sourceTree = "<group>";
		};
		2B1FF91F27E65D7F00163863 /* Fundus */ = {
			isa = PBXGroup;
			children = (
				2B1FF94727E6612400163863 /* Fundus.entitlements */,
				2B1FF92027E65D7F00163863 /* AppDelegate.swift */,
				2B1FF92227E65D7F00163863 /* SceneDelegate.swift */,
				2B1FF92427E65D7F00163863 /* ViewController.swift */,
				2B1FF92627E65D7F00163863 /* Main.storyboard */,
				2B1FF92927E65D8100163863 /* Assets.xcassets */,
				2B1FF92B27E65D8100163863 /* LaunchScreen.storyboard */,
				2B1FF92E27E65D8100163863 /* Info.plist */,
			);
			path = Fundus;
			sourceTree = "<group>";
		};
		2B1FF93927E65DB300163863 /* Share */ = {
			isa = PBXGroup;
			children = (
				2B1FF94827E6615400163863 /* Share.entitlements */,
				2B1FF93A27E65DB300163863 /* ShareViewController.swift */,
				2B1FF93C27E65DB300163863 /* MainInterface.storyboard */,
				2B1FF93F27E65DB300163863 /* Info.plist */,
			);
			path = Share;
			sourceTree = "<group>";
		};
/* End PBXGroup section */

/* Begin PBXNativeTarget section */
		2B1FF91C27E65D7F00163863 /* Fundus */ = {
			isa = PBXNativeTarget;
			buildConfigurationList = 2B1FF93127E65D8100163863 /* Build configuration list for PBXNativeTarget "Fundus" */;
			buildPhases = (
				2B1FF91927E65D7F00163863 /* Sources */,
				2B1FF91A27E65D7F00163863 /* Frameworks */,
				2B1FF91B27E65D7F00163863 /* Resources */,
				2B1FF94627E65DB300163863 /* Embed App Extensions */,
			);
			buildRules = (
			);
			dependencies = (
				2B1FF94127E65DB300163863 /* PBXTargetDependency */,
			);
			name = Fundus;
			packageProductDependencies = (
				2B4F87492801CA11004B4B5E /* Alamofire */,
			);
			productName = Fundus;
			productReference = 2B1FF91D27E65D7F00163863 /* Fundus.app */;
			productType = "com.apple.product-type.application";
		};
		2B1FF93727E65DB300163863 /* ShareExtension */ = {
			isa = PBXNativeTarget;
			buildConfigurationList = 2B1FF94327E65DB300163863 /* Build configuration list for PBXNativeTarget "ShareExtension" */;
			buildPhases = (
				2B1FF93427E65DB300163863 /* Sources */,
				2B1FF93527E65DB300163863 /* Frameworks */,
				2B1FF93627E65DB300163863 /* Resources */,
			);
			buildRules = (
			);
			dependencies = (
			);
			name = ShareExtension;
			productName = Share;
			productReference = 2B1FF93827E65DB300163863 /* ShareExtension.appex */;
			productType = "com.apple.product-type.app-extension";
		};
/* End PBXNativeTarget section */

/* Begin PBXProject section */
		2B1FF91527E65D7F00163863 /* Project object */ = {
			isa = PBXProject;
			attributes = {
				BuildIndependentTargetsInParallel = 1;
				LastSwiftUpdateCheck = 1320;
				LastUpgradeCheck = 1320;
				TargetAttributes = {
					2B1FF91C27E65D7F00163863 = {
						CreatedOnToolsVersion = 13.2.1;
					};
					2B1FF93727E65DB300163863 = {
						CreatedOnToolsVersion = 13.2.1;
					};
				};
			};
			buildConfigurationList = 2B1FF91827E65D7F00163863 /* Build configuration list for PBXProject "Fundus" */;
			compatibilityVersion = "Xcode 13.0";
			developmentRegion = en;
			hasScannedForEncodings = 0;
			knownRegions = (
				en,
				Base,
			);
			mainGroup = 2B1FF91427E65D7F00163863;
			packageReferences = (
				2B4F87482801CA11004B4B5E /* XCRemoteSwiftPackageReference "Alamofire" */,
			);
			productRefGroup = 2B1FF91E27E65D7F00163863 /* Products */;
			projectDirPath = "";
			projectRoot = "";
			targets = (
				2B1FF91C27E65D7F00163863 /* Fundus */,
				2B1FF93727E65DB300163863 /* ShareExtension */,
			);
		};
/* End PBXProject section */

/* Begin PBXResourcesBuildPhase section */
		2B1FF91B27E65D7F00163863 /* Resources */ = {
			isa = PBXResourcesBuildPhase;
			buildActionMask = 2147483647;
			files = (
				2B1FF92D27E65D8100163863 /* LaunchScreen.storyboard in Resources */,
				2B1FF92A27E65D8100163863 /* Assets.xcassets in Resources */,
				2B1FF92827E65D7F00163863 /* Main.storyboard in Resources */,
			);
			runOnlyForDeploymentPostprocessing = 0;
		};
		2B1FF93627E65DB300163863 /* Resources */ = {
			isa = PBXResourcesBuildPhase;
			buildActionMask = 2147483647;
			files = (
				2B1FF93E27E65DB300163863 /* MainInterface.storyboard in Resources */,
			);
			runOnlyForDeploymentPostprocessing = 0;
		};
/* End PBXResourcesBuildPhase section */

/* Begin PBXSourcesBuildPhase section */
		2B1FF91927E65D7F00163863 /* Sources */ = {
			isa = PBXSourcesBuildPhase;
			buildActionMask = 2147483647;
			files = (
				2B1FF92527E65D7F00163863 /* ViewController.swift in Sources */,
				2B1FF92127E65D7F00163863 /* AppDelegate.swift in Sources */,
				2B1FF92327E65D7F00163863 /* SceneDelegate.swift in Sources */,
			);
			runOnlyForDeploymentPostprocessing = 0;
		};
		2B1FF93427E65DB300163863 /* Sources */ = {
			isa = PBXSourcesBuildPhase;
			buildActionMask = 2147483647;
			files = (
				2B1FF93B27E65DB300163863 /* ShareViewController.swift in Sources */,
			);
			runOnlyForDeploymentPostprocessing = 0;
		};
/* End PBXSourcesBuildPhase section */

/* Begin PBXTargetDependency section */
		2B1FF94127E65DB300163863 /* PBXTargetDependency */ = {
			isa = PBXTargetDependency;
			target = 2B1FF93727E65DB300163863 /* ShareExtension */;
			targetProxy = 2B1FF94027E65DB300163863 /* PBXContainerItemProxy */;
		};
/* End PBXTargetDependency section */

/* Begin PBXVariantGroup section */
		2B1FF92627E65D7F00163863 /* Main.storyboard */ = {
			isa = PBXVariantGroup;
			children = (
				2B1FF92727E65D7F00163863 /* Base */,
			);
			name = Main.storyboard;
			sourceTree = "<group>";
		};
		2B1FF92B27E65D8100163863 /* LaunchScreen.storyboard */ = {
			isa = PBXVariantGroup;
			children = (
				2B1FF92C27E65D8100163863 /* Base */,
			);
			name = LaunchScreen.storyboard;
			sourceTree = "<group>";
		};
		2B1FF93C27E65DB300163863 /* MainInterface.storyboard */ = {
			isa = PBXVariantGroup;
			children = (
				2B1FF93D27E65DB300163863 /* Base */,
			);
			name = MainInterface.storyboard;
			sourceTree = "<group>";
		};
/* End PBXVariantGroup section */

/* Begin XCBuildConfiguration section */
		2B1FF92F27E65D8100163863 /* Debug */ = {
			isa = XCBuildConfiguration;
			buildSettings = {
				ALWAYS_SEARCH_USER_PATHS = NO;
				CLANG_ANALYZER_NONNULL = YES;
				CLANG_ANALYZER_NUMBER_OBJECT_CONVERSION = YES_AGGRESSIVE;
				CLANG_CXX_LANGUAGE_STANDARD = "gnu++17";
				CLANG_CXX_LIBRARY = "libc++";
				CLANG_ENABLE_MODULES = YES;
				CLANG_ENABLE_OBJC_ARC = YES;
				CLANG_ENABLE_OBJC_WEAK = YES;
				CLANG_WARN_BLOCK_CAPTURE_AUTORELEASING = YES;
				CLANG_WARN_BOOL_CONVERSION = YES;
				CLANG_WARN_COMMA = YES;
				CLANG_WARN_CONSTANT_CONVERSION = YES;
				CLANG_WARN_DEPRECATED_OBJC_IMPLEMENTATIONS = YES;
				CLANG_WARN_DIRECT_OBJC_ISA_USAGE = YES_ERROR;
				CLANG_WARN_DOCUMENTATION_COMMENTS = YES;
				CLANG_WARN_EMPTY_BODY = YES;
				CLANG_WARN_ENUM_CONVERSION = YES;
				CLANG_WARN_INFINITE_RECURSION = YES;
				CLANG_WARN_INT_CONVERSION = YES;
				CLANG_WARN_NON_LITERAL_NULL_CONVERSION = YES;
				CLANG_WARN_OBJC_IMPLICIT_RETAIN_SELF = YES;
				CLANG_WARN_OBJC_LITERAL_CONVERSION = YES;
				CLANG_WARN_OBJC_ROOT_CLASS = YES_ERROR;
				CLANG_WARN_QUOTED_INCLUDE_IN_FRAMEWORK_HEADER = YES;
				CLANG_WARN_RANGE_LOOP_ANALYSIS = YES;
				CLANG_WARN_STRICT_PROTOTYPES = YES;
				CLANG_WARN_SUSPICIOUS_MOVE = YES;
				CLANG_WARN_UNGUARDED_AVAILABILITY = YES_AGGRESSIVE;
				CLANG_WARN_UNREACHABLE_CODE = YES;
				CLANG_WARN__DUPLICATE_METHOD_MATCH = YES;
				COPY_PHASE_STRIP = NO;
				DEBUG_INFORMATION_FORMAT = dwarf;
				ENABLE_STRICT_OBJC_MSGSEND = YES;
				ENABLE_TESTABILITY = YES;
				GCC_C_LANGUAGE_STANDARD = gnu11;
				GCC_DYNAMIC_NO_PIC = NO;
				GCC_NO_COMMON_BLOCKS = YES;
				GCC_OPTIMIZATION_LEVEL = 0;
				GCC_PREPROCESSOR_DEFINITIONS = (
					"DEBUG=1",
					"$(inherited)",
				);
				GCC_WARN_64_TO_32_BIT_CONVERSION = YES;
				GCC_WARN_ABOUT_RETURN_TYPE = YES_ERROR;
				GCC_WARN_UNDECLARED_SELECTOR = YES;
				GCC_WARN_UNINITIALIZED_AUTOS = YES_AGGRESSIVE;
				GCC_WARN_UNUSED_FUNCTION = YES;
				GCC_WARN_UNUSED_VARIABLE = YES;
				IPHONEOS_DEPLOYMENT_TARGET = 15.2;
				MTL_ENABLE_DEBUG_INFO = INCLUDE_SOURCE;
				MTL_FAST_MATH = YES;
				ONLY_ACTIVE_ARCH = YES;
				SDKROOT = iphoneos;
				SWIFT_ACTIVE_COMPILATION_CONDITIONS = DEBUG;
				SWIFT_OPTIMIZATION_LEVEL = "-Onone";
			};
			name = Debug;
		};
		2B1FF93027E65D8100163863 /* Release */ = {
			isa = XCBuildConfiguration;
			buildSettings = {
				ALWAYS_SEARCH_USER_PATHS = NO;
				CLANG_ANALYZER_NONNULL = YES;
				CLANG_ANALYZER_NUMBER_OBJECT_CONVERSION = YES_AGGRESSIVE;
				CLANG_CXX_LANGUAGE_STANDARD = "gnu++17";
				CLANG_CXX_LIBRARY = "libc++";
				CLANG_ENABLE_MODULES = YES;
				CLANG_ENABLE_OBJC_ARC = YES;
				CLANG_ENABLE_OBJC_WEAK = YES;
				CLANG_WARN_BLOCK_CAPTURE_AUTORELEASING = YES;
				CLANG_WARN_BOOL_CONVERSION = YES;
				CLANG_WARN_COMMA = YES;
				CLANG_WARN_CONSTANT_CONVERSION = YES;
				CLANG_WARN_DEPRECATED_OBJC_IMPLEMENTATIONS = YES;
				CLANG_WARN_DIRECT_OBJC_ISA_USAGE = YES_ERROR;
				CLANG_WARN_DOCUMENTATION_COMMENTS = YES;
				CLANG_WARN_EMPTY_BODY = YES;
				CLANG_WARN_ENUM_CONVERSION = YES;
				CLANG_WARN_INFINITE_RECURSION = YES;
				CLANG_WARN_INT_CONVERSION = YES;
				CLANG_WARN_NON_LITERAL_NULL_CONVERSION = YES;
				CLANG_WARN_OBJC_IMPLICIT_RETAIN_SELF = YES;
				CLANG_WARN_OBJC_LITERAL_CONVERSION = YES;
				CLANG_WARN_OBJC_ROOT_CLASS = YES_ERROR;
				CLANG_WARN_QUOTED_INCLUDE_IN_FRAMEWORK_HEADER = YES;
				CLANG_WARN_RANGE_LOOP_ANALYSIS = YES;
				CLANG_WARN_STRICT_PROTOTYPES = YES;
				CLANG_WARN_SUSPICIOUS_MOVE = YES;
				CLANG_WARN_UNGUARDED_AVAILABILITY = YES_AGGRESSIVE;
				CLANG_WARN_UNREACHABLE_CODE = YES;
				CLANG_WARN__DUPLICATE_METHOD_MATCH = YES;
				COPY_PHASE_STRIP = NO;
				DEBUG_INFORMATION_FORMAT = "dwarf-with-dsym";
				ENABLE_NS_ASSERTIONS = NO;
				ENABLE_STRICT_OBJC_MSGSEND = YES;
				GCC_C_LANGUAGE_STANDARD = gnu11;
				GCC_NO_COMMON_BLOCKS = YES;
				GCC_WARN_64_TO_32_BIT_CONVERSION = YES;
				GCC_WARN_ABOUT_RETURN_TYPE = YES_ERROR;
				GCC_WARN_UNDECLARED_SELECTOR = YES;
				GCC_WARN_UNINITIALIZED_AUTOS = YES_AGGRESSIVE;
				GCC_WARN_UNUSED_FUNCTION = YES;
				GCC_WARN_UNUSED_VARIABLE = YES;
				IPHONEOS_DEPLOYMENT_TARGET = 15.2;
				MTL_ENABLE_DEBUG_INFO = NO;
				MTL_FAST_MATH = YES;
				SDKROOT = iphoneos;
				SWIFT_COMPILATION_MODE = wholemodule;
				SWIFT_OPTIMIZATION_LEVEL = "-O";
				VALIDATE_PRODUCT = YES;
			};
			name = Release;
		};
		2B1FF93227E65D8100163863 /* Debug */ = {
			isa = XCBuildConfiguration;
			buildSettings = {
				ALWAYS_EMBED_SWIFT_STANDARD_LIBRARIES = YES;
				ASSETCATALOG_COMPILER_APPICON_NAME = AppIcon;
				ASSETCATALOG_COMPILER_GLOBAL_ACCENT_COLOR_NAME = AccentColor;
				CODE_SIGN_ENTITLEMENTS = Fundus/Fundus.entitlements;
				CODE_SIGN_STYLE = Automatic;
				CURRENT_PROJECT_VERSION = 1;
				DEVELOPMENT_TEAM = JRH4ZCCH6A;
				GENERATE_INFOPLIST_FILE = YES;
				INFOPLIST_FILE = Fundus/Info.plist;
				INFOPLIST_KEY_UIApplicationSupportsIndirectInputEvents = YES;
				INFOPLIST_KEY_UILaunchStoryboardName = LaunchScreen;
				INFOPLIST_KEY_UIMainStoryboardFile = Main;
				INFOPLIST_KEY_UISupportedInterfaceOrientations_iPad = "UIInterfaceOrientationPortrait UIInterfaceOrientationPortraitUpsideDown UIInterfaceOrientationLandscapeLeft UIInterfaceOrientationLandscapeRight";
				INFOPLIST_KEY_UISupportedInterfaceOrientations_iPhone = "UIInterfaceOrientationPortrait UIInterfaceOrientationLandscapeLeft UIInterfaceOrientationLandscapeRight";
				LD_RUNPATH_SEARCH_PATHS = (
					"$(inherited)",
					"@executable_path/Frameworks",
				);
				MARKETING_VERSION = 1.0;
				PRODUCT_BUNDLE_IDENTIFIER = com.fundus.Fundus;
				PRODUCT_NAME = "$(TARGET_NAME)";
				SWIFT_EMIT_LOC_STRINGS = YES;
				SWIFT_VERSION = 5.0;
				TARGETED_DEVICE_FAMILY = "1,2";
			};
			name = Debug;
		};
		2B1FF93327E65D8100163863 /* Release */ = {
			isa = XCBuildConfiguration;
			buildSettings = {
				ALWAYS_EMBED_SWIFT_STANDARD_LIBRARIES = YES;
				ASSETCATALOG_COMPILER_APPICON_NAME = AppIcon;
				ASSETCATALOG_COMPILER_GLOBAL_ACCENT_COLOR_NAME = AccentColor;
				CODE_SIGN_ENTITLEMENTS = Fundus/Fundus.entitlements;
				CODE_SIGN_STYLE = Automatic;
				CURRENT_PROJECT_VERSION = 1;
				DEVELOPMENT_TEAM = JRH4ZCCH6A;
				GENERATE_INFOPLIST_FILE = YES;
				INFOPLIST_FILE = Fundus/Info.plist;
				INFOPLIST_KEY_UIApplicationSupportsIndirectInputEvents = YES;
				INFOPLIST_KEY_UILaunchStoryboardName = LaunchScreen;
				INFOPLIST_KEY_UIMainStoryboardFile = Main;
				INFOPLIST_KEY_UISupportedInterfaceOrientations_iPad = "UIInterfaceOrientationPortrait UIInterfaceOrientationPortraitUpsideDown UIInterfaceOrientationLandscapeLeft UIInterfaceOrientationLandscapeRight";
				INFOPLIST_KEY_UISupportedInterfaceOrientations_iPhone = "UIInterfaceOrientationPortrait UIInterfaceOrientationLandscapeLeft UIInterfaceOrientationLandscapeRight";
				LD_RUNPATH_SEARCH_PATHS = (
					"$(inherited)",
					"@executable_path/Frameworks",
				);
				MARKETING_VERSION = 1.0;
				PRODUCT_BUNDLE_IDENTIFIER = com.fundus.Fundus;
				PRODUCT_NAME = "$(TARGET_NAME)";
				SWIFT_EMIT_LOC_STRINGS = YES;
				SWIFT_VERSION = 5.0;
				TARGETED_DEVICE_FAMILY = "1,2";
			};
			name = Release;
		};
		2B1FF94427E65DB300163863 /* Debug */ = {
			isa = XCBuildConfiguration;
			buildSettings = {
				CODE_SIGN_ENTITLEMENTS = Share/Share.entitlements;
				CODE_SIGN_STYLE = Automatic;
				CURRENT_PROJECT_VERSION = 1;
				DEVELOPMENT_TEAM = JRH4ZCCH6A;
				GENERATE_INFOPLIST_FILE = YES;
				INFOPLIST_FILE = Share/Info.plist;
				INFOPLIST_KEY_CFBundleDisplayName = Share;
				INFOPLIST_KEY_NSHumanReadableCopyright = "";
				LD_RUNPATH_SEARCH_PATHS = (
					"$(inherited)",
					"@executable_path/Frameworks",
					"@executable_path/../../Frameworks",
				);
				MARKETING_VERSION = 1.0;
				PRODUCT_BUNDLE_IDENTIFIER = com.fundus.Fundus.ShareExtension;
				PRODUCT_NAME = "$(TARGET_NAME)";
				SKIP_INSTALL = YES;
				SWIFT_EMIT_LOC_STRINGS = YES;
				SWIFT_VERSION = 5.0;
				TARGETED_DEVICE_FAMILY = "1,2";
			};
			name = Debug;
		};
		2B1FF94527E65DB300163863 /* Release */ = {
			isa = XCBuildConfiguration;
			buildSettings = {
				CODE_SIGN_ENTITLEMENTS = Share/Share.entitlements;
				CODE_SIGN_STYLE = Automatic;
				CURRENT_PROJECT_VERSION = 1;
				DEVELOPMENT_TEAM = JRH4ZCCH6A;
				GENERATE_INFOPLIST_FILE = YES;
				INFOPLIST_FILE = Share/Info.plist;
				INFOPLIST_KEY_CFBundleDisplayName = Share;
				INFOPLIST_KEY_NSHumanReadableCopyright = "";
				LD_RUNPATH_SEARCH_PATHS = (
					"$(inherited)",
					"@executable_path/Frameworks",
					"@executable_path/../../Frameworks",
				);
				MARKETING_VERSION = 1.0;
				PRODUCT_BUNDLE_IDENTIFIER = com.fundus.Fundus.ShareExtension;
				PRODUCT_NAME = "$(TARGET_NAME)";
				SKIP_INSTALL = YES;
				SWIFT_EMIT_LOC_STRINGS = YES;
				SWIFT_VERSION = 5.0;
				TARGETED_DEVICE_FAMILY = "1,2";
			};
			name = Release;
		};
/* End XCBuildConfiguration section */

/* Begin XCConfigurationList section */
		2B1FF91827E65D7F00163863 /* Build configuration list for PBXProject "Fundus" */ = {
			isa = XCConfigurationList;
			buildConfigurations = (
				2B1FF92F27E65D8100163863 /* Debug */,
				2B1FF93027E65D8100163863 /* Release */,
			);
			defaultConfigurationIsVisible = 0;
			defaultConfigurationName = Release;
		};
		2B1FF93127E65D8100163863 /* Build configuration list for PBXNativeTarget "Fundus" */ = {
			isa = XCConfigurationList;
			buildConfigurations = (
				2B1FF93227E65D8100163863 /* Debug */,
				2B1FF93327E65D8100163863 /* Release */,
			);
			defaultConfigurationIsVisible = 0;
			defaultConfigurationName = Release;
		};
		2B1FF94327E65DB300163863 /* Build configuration list for PBXNativeTarget "ShareExtension" */ = {
			isa = XCConfigurationList;
			buildConfigurations = (
				2B1FF94427E65DB300163863 /* Debug */,
				2B1FF94527E65DB300163863 /* Release */,
			);
			defaultConfigurationIsVisible = 0;
			defaultConfigurationName = Release;
		};
/* End XCConfigurationList section */

/* Begin XCRemoteSwiftPackageReference section */
		2B4F87482801CA11004B4B5E /* XCRemoteSwiftPackageReference "Alamofire" */ = {
			isa = XCRemoteSwiftPackageReference;
			repositoryURL = "https://github.com/Alamofire/Alamofire.git";
			requirement = {
				branch = master;
				kind = branch;
			};
		};
/* End XCRemoteSwiftPackageReference section */

/* Begin XCSwiftPackageProductDependency section */
		2B4F87492801CA11004B4B5E /* Alamofire */ = {
			isa = XCSwiftPackageProductDependency;
			package = 2B4F87482801CA11004B4B5E /* XCRemoteSwiftPackageReference "Alamofire" */;
			productName = Alamofire;
		};
/* End XCSwiftPackageProductDependency section */
	};
	rootObject = 2B1FF91527E65D7F00163863 /* Project object */;
}
